
Microsoft Visual Studio Solution File, Format Version 12.00
# Visual Studio Version 16
VisualStudioVersion = 16.0.29230.47
MinimumVisualStudioVersion = 10.0.40219.1
Project("{FAE04EC0-301F-11D3-BF4B-00C04F79EFBC}") = "AngularPractice", "AngularPractice\AngularPractice.csproj", "{9C451239-5B6C-4F8B-8BF2-97C23C1BC0C4}"
EndProject
Global
	GlobalSection(SolutionConfigurationPlatforms) = preSolution
		Debug|Any CPU = Debug|Any CPU
		Release|Any CPU = Release|Any CPU
	EndGlobalSection
	GlobalSection(ProjectConfigurationPlatforms) = postSolution
		{9C451239-5B6C-4F8B-8BF2-97C23C1BC0C4}.Debug|Any CPU.ActiveCfg = Debug|Any CPU
		{9C451239-5B6C-4F8B-8BF2-97C23C1BC0C4}.Debug|Any CPU.Build.0 = Debug|Any CPU
		{9C451239-5B6C-4F8B-8BF2-97C23C1BC0C4}.Release|Any CPU.ActiveCfg = Release|Any CPU
		{9C451239-5B6C-4F8B-8BF2-97C23C1BC0C4}.Release|Any CPU.Build.0 = Release|Any CPU
	EndGlobalSection
	GlobalSection(SolutionProperties) = preSolution
		HideSolutionNode = FALSE
	EndGlobalSection
	GlobalSection(ExtensibilityGlobals) = postSolution
		SolutionGuid = {2BF9CF9D-2B57-4027-980A-D9089287C400}
	EndGlobalSection
EndGlobal
